
Microsoft Visual Studio Solution File, Format Version 12.00
# Visual Studio Version 17
VisualStudioVersion = 17.13.35931.197 d17.13
MinimumVisualStudioVersion = 10.0.40219.1
Project("{FAE04EC0-301F-11D3-BF4B-00C04F79EFBC}") = "lesson07", "lesson07\lesson07.csproj", "{21EF2A50-0C31-435F-8D3B-EFA09EC3A4A6}"
EndProject
Global
	GlobalSection(SolutionConfigurationPlatforms) = preSolution
		Debug|Any CPU = Debug|Any CPU
		Release|Any CPU = Release|Any CPU
	EndGlobalSection
	GlobalSection(ProjectConfigurationPlatforms) = postSolution
		{21EF2A50-0C31-435F-8D3B-EFA09EC3A4A6}.Debug|Any CPU.ActiveCfg = Debug|Any CPU
		{21EF2A50-0C31-435F-8D3B-EFA09EC3A4A6}.Debug|Any CPU.Build.0 = Debug|Any CPU
		{21EF2A50-0C31-435F-8D3B-EFA09EC3A4A6}.Release|Any CPU.ActiveCfg = Release|Any CPU
		{21EF2A50-0C31-435F-8D3B-EFA09EC3A4A6}.Release|Any CPU.Build.0 = Release|Any CPU
	EndGlobalSection
	GlobalSection(SolutionProperties) = preSolution
		HideSolutionNode = FALSE
	EndGlobalSection
	GlobalSection(ExtensibilityGlobals) = postSolution
		SolutionGuid = {80CF15E6-B0D3-4C7A-B9A1-91D5D51D1989}
	EndGlobalSection
EndGlobal
