
Microsoft Visual Studio Solution File, Format Version 12.00
# Visual Studio Version 17
VisualStudioVersion = 17.13.35931.197 d17.13
MinimumVisualStudioVersion = 10.0.40219.1
Project("{FAE04EC0-301F-11D3-BF4B-00C04F79EFBC}") = "PvlLesson11", "PvlLesson11\PvlLesson11.csproj", "{4204FF04-B576-4AD5-B63E-33723673ECB2}"
EndProject
Global
	GlobalSection(SolutionConfigurationPlatforms) = preSolution
		Debug|Any CPU = Debug|Any CPU
		Release|Any CPU = Release|Any CPU
	EndGlobalSection
	GlobalSection(ProjectConfigurationPlatforms) = postSolution
		{4204FF04-B576-4AD5-B63E-33723673ECB2}.Debug|Any CPU.ActiveCfg = Debug|Any CPU
		{4204FF04-B576-4AD5-B63E-33723673ECB2}.Debug|Any CPU.Build.0 = Debug|Any CPU
		{4204FF04-B576-4AD5-B63E-33723673ECB2}.Release|Any CPU.ActiveCfg = Release|Any CPU
		{4204FF04-B576-4AD5-B63E-33723673ECB2}.Release|Any CPU.Build.0 = Release|Any CPU
	EndGlobalSection
	GlobalSection(SolutionProperties) = preSolution
		HideSolutionNode = FALSE
	EndGlobalSection
	GlobalSection(ExtensibilityGlobals) = postSolution
		SolutionGuid = {BEBB531C-7ADF-4127-8845-AE45A46B67CE}
	EndGlobalSection
EndGlobal
